
Microsoft Visual Studio Solution File, Format Version 12.00
# Visual Studio 15
VisualStudioVersion = 15.0.26228.9
MinimumVisualStudioVersion = 10.0.40219.1
Project("{2150E333-8FDC-42A3-9474-1A3956D46DE8}") = "0 - App", "0 - App", "{CAB5E887-6F88-4D2F-90BE-672B97096891}"
EndProject
Project("{2150E333-8FDC-42A3-9474-1A3956D46DE8}") = "1 - Services", "1 - Services", "{1C3A1F23-B9A8-4B03-B823-09695159D49F}"
EndProject
Project("{2150E333-8FDC-42A3-9474-1A3956D46DE8}") = "3 - Infra", "3 - Infra", "{6DA97927-4328-46C8-8F85-1B01BBDD4B1B}"
EndProject
Project("{FAE04EC0-301F-11D3-BF4B-00C04F79EFBC}") = "PIM.Database", "PIM.Database\PIM.Database.csproj", "{91F0B016-362B-4252-A7C8-A1220B66CC76}"
EndProject
Project("{FAE04EC0-301F-11D3-BF4B-00C04F79EFBC}") = "PIM.Service", "PIM.Service\PIM.Service.csproj", "{14F18A31-87C4-4668-9AC0-9D67992352BA}"
EndProject
Project("{2150E333-8FDC-42A3-9474-1A3956D46DE8}") = "Web", "Web", "{8539946E-11A9-4B51-85AA-63535D93F30E}"
EndProject
Project("{2150E333-8FDC-42A3-9474-1A3956D46DE8}") = "Win", "Win", "{7269359F-41CA-4A95-A77A-79A18CE5289B}"
EndProject
Project("{FAE04EC0-301F-11D3-BF4B-00C04F79EFBC}") = "PIM.Web", "PIM.Web\PIM.Web.csproj", "{A8432F28-0D4B-4897-A601-536DA02AD734}"
EndProject
Global
	GlobalSection(SolutionConfigurationPlatforms) = preSolution
		Debug|Any CPU = Debug|Any CPU
		Release|Any CPU = Release|Any CPU
	EndGlobalSection
	GlobalSection(ProjectConfigurationPlatforms) = postSolution
		{91F0B016-362B-4252-A7C8-A1220B66CC76}.Debug|Any CPU.ActiveCfg = Debug|Any CPU
		{91F0B016-362B-4252-A7C8-A1220B66CC76}.Debug|Any CPU.Build.0 = Debug|Any CPU
		{91F0B016-362B-4252-A7C8-A1220B66CC76}.Release|Any CPU.ActiveCfg = Release|Any CPU
		{91F0B016-362B-4252-A7C8-A1220B66CC76}.Release|Any CPU.Build.0 = Release|Any CPU
		{14F18A31-87C4-4668-9AC0-9D67992352BA}.Debug|Any CPU.ActiveCfg = Debug|Any CPU
		{14F18A31-87C4-4668-9AC0-9D67992352BA}.Debug|Any CPU.Build.0 = Debug|Any CPU
		{14F18A31-87C4-4668-9AC0-9D67992352BA}.Release|Any CPU.ActiveCfg = Release|Any CPU
		{14F18A31-87C4-4668-9AC0-9D67992352BA}.Release|Any CPU.Build.0 = Release|Any CPU
		{A8432F28-0D4B-4897-A601-536DA02AD734}.Debug|Any CPU.ActiveCfg = Debug|Any CPU
		{A8432F28-0D4B-4897-A601-536DA02AD734}.Debug|Any CPU.Build.0 = Debug|Any CPU
		{A8432F28-0D4B-4897-A601-536DA02AD734}.Release|Any CPU.ActiveCfg = Release|Any CPU
		{A8432F28-0D4B-4897-A601-536DA02AD734}.Release|Any CPU.Build.0 = Release|Any CPU
	EndGlobalSection
	GlobalSection(SolutionProperties) = preSolution
		HideSolutionNode = FALSE
	EndGlobalSection
	GlobalSection(NestedProjects) = preSolution
		{91F0B016-362B-4252-A7C8-A1220B66CC76} = {6DA97927-4328-46C8-8F85-1B01BBDD4B1B}
		{14F18A31-87C4-4668-9AC0-9D67992352BA} = {1C3A1F23-B9A8-4B03-B823-09695159D49F}
		{8539946E-11A9-4B51-85AA-63535D93F30E} = {CAB5E887-6F88-4D2F-90BE-672B97096891}
		{7269359F-41CA-4A95-A77A-79A18CE5289B} = {CAB5E887-6F88-4D2F-90BE-672B97096891}
		{A8432F28-0D4B-4897-A601-536DA02AD734} = {8539946E-11A9-4B51-85AA-63535D93F30E}
	EndGlobalSection
EndGlobal
